lockfileVersion: '9.0'

settings:
  autoInstallPeers: true
  excludeLinksFromLockfile: false

importers:

  .:
    dependencies:
      '@noble/ed25519':
        specifier: ^3.2.0
        version: 3.2.0
      multiformats:
        specifier: ^14.0.5
        version: 14.0.5

packages:

  '@noble/ed25519@3.2.0':
    resolution: {integrity: sha512-criDgRlnUA09hchYrTy/JUWPIEap5rZxQe6wDWzRx51oWWpDRcUpuNzlgPxDJaOK6AsW9c0wKcj3rKRv6t+bPQ==}

  multiformats@14.0.5:
    resolution: {integrity: sha512-vbIm83F2yZ1pWJGS0yl0ysracIvv56LtbrIyiIQHoLdYDJOMoLfVFsXhh9DUH4SFdkdkFhucyWniihsNzVEjkQ==}

snapshots:

  '@noble/ed25519@3.2.0': {}

  multiformats@14.0.5: {}
